
Microsoft Visual Studio Solution File, Format Version 12.00
# Visual Studio Version 17
VisualStudioVersion = 17.10.35122.118
MinimumVisualStudioVersion = 10.0.40219.1
Project("{FAE04EC0-301F-11D3-BF4B-00C04F79EFBC}") = "Turnero Lavadero", "Turnero Lavadero\Turnero Lavadero.csproj", "{C40897C1-B817-40D3-9E5E-A628395E1EDE}"
EndProject
Global
	GlobalSection(SolutionConfigurationPlatforms) = preSolution
		Debug|Any CPU = Debug|Any CPU
		Release|Any CPU = Release|Any CPU
	EndGlobalSection
	GlobalSection(ProjectConfigurationPlatforms) = postSolution
		{C40897C1-B817-40D3-9E5E-A628395E1EDE}.Debug|Any CPU.ActiveCfg = Debug|Any CPU
		{C40897C1-B817-40D3-9E5E-A628395E1EDE}.Debug|Any CPU.Build.0 = Debug|Any CPU
		{C40897C1-B817-40D3-9E5E-A628395E1EDE}.Release|Any CPU.ActiveCfg = Release|Any CPU
		{C40897C1-B817-40D3-9E5E-A628395E1EDE}.Release|Any CPU.Build.0 = Release|Any CPU
	EndGlobalSection
	GlobalSection(SolutionProperties) = preSolution
		HideSolutionNode = FALSE
	EndGlobalSection
	GlobalSection(ExtensibilityGlobals) = postSolution
		SolutionGuid = {552C1D60-8063-430C-8188-1E33191DD399}
	EndGlobalSection
EndGlobal
